
Microsoft Visual Studio Solution File, Format Version 12.00
# Visual Studio Version 17
VisualStudioVersion = 17.8.34330.188
MinimumVisualStudioVersion = 10.0.40219.1
Project("{FAE04EC0-301F-11D3-BF4B-00C04F79EFBC}") = "WebApi", "WebApi\WebApi.csproj", "{36DC9084-56DA-405F-8E62-B87172ADE982}"
EndProject
Project("{FAE04EC0-301F-11D3-BF4B-00C04F79EFBC}") = "Persistance", "Persistance\Persistance.csproj", "{36502CE3-0A38-438D-8DE9-85BB4D6DD703}"
EndProject
Project("{FAE04EC0-301F-11D3-BF4B-00C04F79EFBC}") = "Domain", "Domain\Domain.csproj", "{45B835DC-1AD1-4EEF-A0C6-A8E478416AB1}"
EndProject
Project("{FAE04EC0-301F-11D3-BF4B-00C04F79EFBC}") = "Application", "Application\Application.csproj", "{7440FDE3-9A9C-4201-844F-0D780F1E52EF}"
EndProject
Project("{FAE04EC0-301F-11D3-BF4B-00C04F79EFBC}") = "Infrastructure", "Infrastructure\Infrastructure.csproj", "{8BBA559D-6116-4F4B-A6AB-5094E37EF079}"
EndProject
Global
	GlobalSection(SolutionConfigurationPlatforms) = preSolution
		Debug|Any CPU = Debug|Any CPU
		Release|Any CPU = Release|Any CPU
	EndGlobalSection
	GlobalSection(ProjectConfigurationPlatforms) = postSolution
		{36DC9084-56DA-405F-8E62-B87172ADE982}.Debug|Any CPU.ActiveCfg = Debug|Any CPU
		{36DC9084-56DA-405F-8E62-B87172ADE982}.Debug|Any CPU.Build.0 = Debug|Any CPU
		{36DC9084-56DA-405F-8E62-B87172ADE982}.Release|Any CPU.ActiveCfg = Release|Any CPU
		{36DC9084-56DA-405F-8E62-B87172ADE982}.Release|Any CPU.Build.0 = Release|Any CPU
		{36502CE3-0A38-438D-8DE9-85BB4D6DD703}.Debug|Any CPU.ActiveCfg = Debug|Any CPU
		{36502CE3-0A38-438D-8DE9-85BB4D6DD703}.Debug|Any CPU.Build.0 = Debug|Any CPU
		{36502CE3-0A38-438D-8DE9-85BB4D6DD703}.Release|Any CPU.ActiveCfg = Release|Any CPU
		{36502CE3-0A38-438D-8DE9-85BB4D6DD703}.Release|Any CPU.Build.0 = Release|Any CPU
		{45B835DC-1AD1-4EEF-A0C6-A8E478416AB1}.Debug|Any CPU.ActiveCfg = Debug|Any CPU
		{45B835DC-1AD1-4EEF-A0C6-A8E478416AB1}.Debug|Any CPU.Build.0 = Debug|Any CPU
		{45B835DC-1AD1-4EEF-A0C6-A8E478416AB1}.Release|Any CPU.ActiveCfg = Release|Any CPU
		{45B835DC-1AD1-4EEF-A0C6-A8E478416AB1}.Release|Any CPU.Build.0 = Release|Any CPU
		{7440FDE3-9A9C-4201-844F-0D780F1E52EF}.Debug|Any CPU.ActiveCfg = Debug|Any CPU
		{7440FDE3-9A9C-4201-844F-0D780F1E52EF}.Debug|Any CPU.Build.0 = Debug|Any CPU
		{7440FDE3-9A9C-4201-844F-0D780F1E52EF}.Release|Any CPU.ActiveCfg = Release|Any CPU
		{7440FDE3-9A9C-4201-844F-0D780F1E52EF}.Release|Any CPU.Build.0 = Release|Any CPU
		{8BBA559D-6116-4F4B-A6AB-5094E37EF079}.Debug|Any CPU.ActiveCfg = Debug|Any CPU
		{8BBA559D-6116-4F4B-A6AB-5094E37EF079}.Debug|Any CPU.Build.0 = Debug|Any CPU
		{8BBA559D-6116-4F4B-A6AB-5094E37EF079}.Release|Any CPU.ActiveCfg = Release|Any CPU
		{8BBA559D-6116-4F4B-A6AB-5094E37EF079}.Release|Any CPU.Build.0 = Release|Any CPU
	EndGlobalSection
	GlobalSection(SolutionProperties) = preSolution
		HideSolutionNode = FALSE
	EndGlobalSection
	GlobalSection(ExtensibilityGlobals) = postSolution
		SolutionGuid = {54646EDC-4F11-44BD-9C4E-4ED056179E71}
	EndGlobalSection
EndGlobal
